
Microsoft Visual Studio Solution File, Format Version 12.00
# Visual Studio Version 16
VisualStudioVersion = 16.0.30804.86
MinimumVisualStudioVersion = 10.0.40219.1
Project("{9A19103F-16F7-4668-BE54-9A1E7A4F7556}") = "StudentRegistration", "StudentRegistration.csproj", "{456C1740-DF53-4A83-9A08-002C507078B7}"
EndProject
Project("{9A19103F-16F7-4668-BE54-9A1E7A4F7556}") = "StudentData", "..\Student.Data\StudentData.csproj", "{9CB26CBC-FA1B-4F21-ACC2-4B7889DBB8A9}"
EndProject
Project("{9A19103F-16F7-4668-BE54-9A1E7A4F7556}") = "StudentDomain", "..\StudentModel\StudentDomain.csproj", "{A81B90F4-89F8-4904-BC95-4D2E232AA9F9}"
EndProject
Global
	GlobalSection(SolutionConfigurationPlatforms) = preSolution
		Debug|Any CPU = Debug|Any CPU
		Release|Any CPU = Release|Any CPU
	EndGlobalSection
	GlobalSection(ProjectConfigurationPlatforms) = postSolution
		{456C1740-DF53-4A83-9A08-002C507078B7}.Debug|Any CPU.ActiveCfg = Debug|Any CPU
		{456C1740-DF53-4A83-9A08-002C507078B7}.Debug|Any CPU.Build.0 = Debug|Any CPU
		{456C1740-DF53-4A83-9A08-002C507078B7}.Release|Any CPU.ActiveCfg = Release|Any CPU
		{456C1740-DF53-4A83-9A08-002C507078B7}.Release|Any CPU.Build.0 = Release|Any CPU
		{9CB26CBC-FA1B-4F21-ACC2-4B7889DBB8A9}.Debug|Any CPU.ActiveCfg = Debug|Any CPU
		{9CB26CBC-FA1B-4F21-ACC2-4B7889DBB8A9}.Debug|Any CPU.Build.0 = Debug|Any CPU
		{9CB26CBC-FA1B-4F21-ACC2-4B7889DBB8A9}.Release|Any CPU.ActiveCfg = Release|Any CPU
		{9CB26CBC-FA1B-4F21-ACC2-4B7889DBB8A9}.Release|Any CPU.Build.0 = Release|Any CPU
		{A81B90F4-89F8-4904-BC95-4D2E232AA9F9}.Debug|Any CPU.ActiveCfg = Debug|Any CPU
		{A81B90F4-89F8-4904-BC95-4D2E232AA9F9}.Debug|Any CPU.Build.0 = Debug|Any CPU
		{A81B90F4-89F8-4904-BC95-4D2E232AA9F9}.Release|Any CPU.ActiveCfg = Release|Any CPU
		{A81B90F4-89F8-4904-BC95-4D2E232AA9F9}.Release|Any CPU.Build.0 = Release|Any CPU
	EndGlobalSection
	GlobalSection(SolutionProperties) = preSolution
		HideSolutionNode = FALSE
	EndGlobalSection
	GlobalSection(ExtensibilityGlobals) = postSolution
		SolutionGuid = {5A22C434-FA24-4164-A84D-0BDBAD8C417B}
	EndGlobalSection
EndGlobal
